
Microsoft Visual Studio Solution File, Format Version 12.00
Project("{FAE04EC0-301F-11D3-BF4B-00C04F79EFBC}") = "Payment-Webhook-Service", "Payment-Webhook-Service\Payment-Webhook-Service.csproj", "{4359848A-0BDC-49B3-BB24-40E87168E36B}"
EndProject
Global
	GlobalSection(SolutionConfigurationPlatforms) = preSolution
		Debug|Any CPU = Debug|Any CPU
		Release|Any CPU = Release|Any CPU
	EndGlobalSection
	GlobalSection(ProjectConfigurationPlatforms) = postSolution
		{4359848A-0BDC-49B3-BB24-40E87168E36B}.Debug|Any CPU.ActiveCfg = Debug|Any CPU
		{4359848A-0BDC-49B3-BB24-40E87168E36B}.Debug|Any CPU.Build.0 = Debug|Any CPU
		{4359848A-0BDC-49B3-BB24-40E87168E36B}.Release|Any CPU.ActiveCfg = Release|Any CPU
		{4359848A-0BDC-49B3-BB24-40E87168E36B}.Release|Any CPU.Build.0 = Release|Any CPU
	EndGlobalSection
EndGlobal
